
Microsoft Visual Studio Solution File, Format Version 12.00
# Visual Studio 14
VisualStudioVersion = 14.0.25420.1
MinimumVisualStudioVersion = 10.0.40219.1
Project("{FAE04EC0-301F-11D3-BF4B-00C04F79EFBC}") = "Zadanie1", "Zadanie1\Zadanie1.csproj", "{19CDDC83-4E9C-45EE-89A0-738427686063}"
EndProject
Project("{FAE04EC0-301F-11D3-BF4B-00C04F79EFBC}") = "Zadanie2", "Zadanie2\Zadanie2.csproj", "{8770AAB2-F393-4470-8A97-D25735BDEA30}"
EndProject
Project("{FAE04EC0-301F-11D3-BF4B-00C04F79EFBC}") = "Zadanie3", "Zadanie3\Zadanie3.csproj", "{4C327B8A-A46F-47D4-ADDB-A997058D3114}"
EndProject
Project("{FAE04EC0-301F-11D3-BF4B-00C04F79EFBC}") = "Zadanie4", "Zadanie4\Zadanie4.csproj", "{18B2E60F-D746-48B9-87D0-2814E58707AF}"
EndProject
Project("{FAE04EC0-301F-11D3-BF4B-00C04F79EFBC}") = "Zadanie5", "Zadanie5\Zadanie5.csproj", "{517A8BC7-A69F-4C92-A9E1-FCCEAA21735C}"
EndProject
Global
	GlobalSection(SolutionConfigurationPlatforms) = preSolution
		Debug|Any CPU = Debug|Any CPU
		Release|Any CPU = Release|Any CPU
	EndGlobalSection
	GlobalSection(ProjectConfigurationPlatforms) = postSolution
		{19CDDC83-4E9C-45EE-89A0-738427686063}.Debug|Any CPU.ActiveCfg = Debug|Any CPU
		{19CDDC83-4E9C-45EE-89A0-738427686063}.Debug|Any CPU.Build.0 = Debug|Any CPU
		{19CDDC83-4E9C-45EE-89A0-738427686063}.Release|Any CPU.ActiveCfg = Release|Any CPU
		{19CDDC83-4E9C-45EE-89A0-738427686063}.Release|Any CPU.Build.0 = Release|Any CPU
		{8770AAB2-F393-4470-8A97-D25735BDEA30}.Debug|Any CPU.ActiveCfg = Debug|Any CPU
		{8770AAB2-F393-4470-8A97-D25735BDEA30}.Debug|Any CPU.Build.0 = Debug|Any CPU
		{8770AAB2-F393-4470-8A97-D25735BDEA30}.Release|Any CPU.ActiveCfg = Release|Any CPU
		{8770AAB2-F393-4470-8A97-D25735BDEA30}.Release|Any CPU.Build.0 = Release|Any CPU
		{4C327B8A-A46F-47D4-ADDB-A997058D3114}.Debug|Any CPU.ActiveCfg = Debug|Any CPU
		{4C327B8A-A46F-47D4-ADDB-A997058D3114}.Debug|Any CPU.Build.0 = Debug|Any CPU
		{4C327B8A-A46F-47D4-ADDB-A997058D3114}.Release|Any CPU.ActiveCfg = Release|Any CPU
		{4C327B8A-A46F-47D4-ADDB-A997058D3114}.Release|Any CPU.Build.0 = Release|Any CPU
		{18B2E60F-D746-48B9-87D0-2814E58707AF}.Debug|Any CPU.ActiveCfg = Debug|Any CPU
		{18B2E60F-D746-48B9-87D0-2814E58707AF}.Debug|Any CPU.Build.0 = Debug|Any CPU
		{18B2E60F-D746-48B9-87D0-2814E58707AF}.Release|Any CPU.ActiveCfg = Release|Any CPU
		{18B2E60F-D746-48B9-87D0-2814E58707AF}.Release|Any CPU.Build.0 = Release|Any CPU
		{517A8BC7-A69F-4C92-A9E1-FCCEAA21735C}.Debug|Any CPU.ActiveCfg = Debug|Any CPU
		{517A8BC7-A69F-4C92-A9E1-FCCEAA21735C}.Debug|Any CPU.Build.0 = Debug|Any CPU
		{517A8BC7-A69F-4C92-A9E1-FCCEAA21735C}.Release|Any CPU.ActiveCfg = Release|Any CPU
		{517A8BC7-A69F-4C92-A9E1-FCCEAA21735C}.Release|Any CPU.Build.0 = Release|Any CPU
	EndGlobalSection
	GlobalSection(SolutionProperties) = preSolution
		HideSolutionNode = FALSE
	EndGlobalSection
EndGlobal
